github.com/BurntSushi/toml v1.6.0 h1:dRaEfpa2VI55EwlIW72hMRHdWouJeRF7TPYhI+AUQjk=
github.com/BurntSushi/toml v1.6.0/go.mod h1:ukJfTF/6rtPPRCnwkur4qwRxa8vTRFBF0uk2lLoLwho=
github.com/bazelbuild/buildtools v0.0.0-20260716142318-04cf7de1434f h1:2mT6QcXmMFtvg7bezs1Fef7nnpJyeCmfWoWNjwtvNZ4=
github.com/bazelbuild/buildtools v0.0.0-20260716142318-04cf7de1434f/go.mod h1:PLNUetjLa77TCCziPsz0EI8a6CUxgC+1jgmWv0H25tg=
github.com/bmatcuk/doublestar/v4 v4.10.2 h1:eF7W7HWKg3z9NrWV9pTLnNeoXaqq3Tq9DNKXVMfoCnw=
github.com/bmatcuk/doublestar/v4 v4.10.2/go.mod h1:xBQ8jztBU6kakFMg+8WGxn0c6z1fTSPVIjEY1Wr7jzc=
github.com/git-pkgs/archives v0.8.1 h1:IcT1bVsAec8SqJ4m9vTnD644KiadQZ4ERrWnm/30t3o=
github.com/git-pkgs/archives v0.8.1/go.mod h1:gIyPXPQr5e+YrMqA5KQ7x6pLrFXHNF1+CjdedNJdGUU=
github.com/git-pkgs/magic v0.4.0 h1:oag0YiKuWOIIKWTKEjS47HYydGawUlfQiU96TwAqFyM=
github.com/git-pkgs/magic v0.4.0/go.mod h1:SXOqcsNmbmpZjJZHEEWnwxprbsFvpwWgTAZrgXp4Jm4=
github.com/git-pkgs/manifests v0.12.3 h1:6lhpuQYOT10jDVkD1TdAvIZ9lBIKYWL+7tBLIux8Bp0=
github.com/git-pkgs/manifests v0.12.3/go.mod h1:jz0Vpic/FUdGHB8FZYGgYobjyH0LLpYONt6F0rzfzVU=
github.com/git-pkgs/pom v0.1.7 h1:4yKdtw6eyShtjul6bcZdyz7yLQ+jdrYeYkKbskDGi4c=
github.com/git-pkgs/pom v0.1.7/go.mod h1:ufdMBe1lKzqOeP9IUb9NPZ458xKV8E8NvuyBMxOfwIk=
github.com/git-pkgs/purl v0.1.20 h1:a4qzvUy5mBZ2GGjOQNW2h/ocFqjTjOiTDMv2ONtivmM=
github.com/git-pkgs/purl v0.1.20/go.mod h1:hthV5mp+Q67HpQ9+LnRLLmsReu5ooyQ5EaJsCGrA8yE=
github.com/git-pkgs/vers v0.7.0 h1:7PD2DKFB8jTDIfiyWXbqYW54iVuNkFCBgXHgxOTdr8A=
github.com/git-pkgs/vers v0.7.0/go.mod h1:ofLiBpPNkQmC0LB1k0zmN1gCv7Hi3MiZx8WtmWZ4A9A=
github.com/klauspost/compress v1.20.0 h1:a3C1ke2ohxFymNlb2HWAHjDeKCI90scRskErZkR0ezA=
github.com/klauspost/compress v1.20.0/go.mod h1:LUdAzn7YLVvxLpc7y3V1m40wESHTgc1422pwwBSKYuI=
github.com/package-url/packageurl-go v0.1.7 h1:iFWg6tzAjLA6F/qX3M5nZaiMHJgc+p2zxVyr/fY+sZY=
github.com/package-url/packageurl-go v0.1.7/go.mod h1:nKAWB8E6uk1MHqiS/lQb9pYBGH2+mdJ2PJc2s50dQY0=
github.com/ulikunitz/xz v0.5.16 h1:ld6NyySjx5lowVKwJvMRLnW5nxKX/xnpSiFYZ/Lxur0=
github.com/ulikunitz/xz v0.5.16/go.mod h1:H9Rt/W6/Qj27PGauhQc6nfCDy7vHpzsOThBSaYDoEhw=
go.yaml.in/yaml/v3 v3.0.5 h1:N6y/pJk8buWs9NY5ERU2HSMfm+IuD/OtfdAnq6kESPw=
go.yaml.in/yaml/v3 v3.0.5/go.mod h1:HVTZu1O7/Vkt2N+BFy8Zza+lnLsABggaTM2ZpNIGuKg=
